
Microsoft Visual Studio Solution File, Format Version 12.00
Project("{FAE04EC0-301F-11D3-BF4B-00C04F79EFBC}") = "SimpleAuthenticationService.Api", "src\SimpleAuthenticationService.Api\SimpleAuthenticationService.Api.csproj", "{2212F0B5-1733-49BB-8E64-8DE279E48F6B}"
EndProject
Project("{FAE04EC0-301F-11D3-BF4B-00C04F79EFBC}") = "SimpleAuthenticationService.Application", "src\SimpleAuthenticationService.Application\SimpleAuthenticationService.Application.csproj", "{5DCA61FE-2D60-45E2-A37B-1FDA2C1833FA}"
EndProject
Project("{FAE04EC0-301F-11D3-BF4B-00C04F79EFBC}") = "SimpleAuthenticationService.Infrastructure", "src\SimpleAuthenticationService.Infrastructure\SimpleAuthenticationService.Infrastructure.csproj", "{55CBCE16-CD44-466A-9DD6-703576CB1860}"
EndProject
Project("{FAE04EC0-301F-11D3-BF4B-00C04F79EFBC}") = "SimpleAuthenticationService.Domain", "src\SimpleAuthenticationService.Domain\SimpleAuthenticationService.Domain.csproj", "{E3C26F97-887D-43C6-9C82-336DFD0D9697}"
EndProject
Project("{2150E333-8FDC-42A3-9474-1A3956D46DE8}") = "src", "src", "{49EBEC70-84C6-4AC7-AA6B-F407DAAC9F7A}"
EndProject
Project("{2150E333-8FDC-42A3-9474-1A3956D46DE8}") = "tests", "tests", "{24A04426-716F-479F-A5D3-0F1D5F72BC9E}"
EndProject
Project("{FAE04EC0-301F-11D3-BF4B-00C04F79EFBC}") = "SimpleAuthenticationService.Domain.Tests", "tests\SimpleAuthenticationService.Domain.Tests\SimpleAuthenticationService.Domain.Tests.csproj", "{51311E30-9DBD-4337-8F83-717E2125F683}"
EndProject
Project("{FAE04EC0-301F-11D3-BF4B-00C04F79EFBC}") = "SimpleAuthenticationService.Application.Tests", "tests\SimpleAuthenticationService.Application.Tests\SimpleAuthenticationService.Application.Tests.csproj", "{13AE3BC9-D5B6-411C-9D34-E7CA5C5FB9F2}"
EndProject
Global
	GlobalSection(SolutionConfigurationPlatforms) = preSolution
		Debug|Any CPU = Debug|Any CPU
		Release|Any CPU = Release|Any CPU
	EndGlobalSection
	GlobalSection(ProjectConfigurationPlatforms) = postSolution
		{2212F0B5-1733-49BB-8E64-8DE279E48F6B}.Debug|Any CPU.ActiveCfg = Debug|Any CPU
		{2212F0B5-1733-49BB-8E64-8DE279E48F6B}.Debug|Any CPU.Build.0 = Debug|Any CPU
		{2212F0B5-1733-49BB-8E64-8DE279E48F6B}.Release|Any CPU.ActiveCfg = Release|Any CPU
		{2212F0B5-1733-49BB-8E64-8DE279E48F6B}.Release|Any CPU.Build.0 = Release|Any CPU
		{5DCA61FE-2D60-45E2-A37B-1FDA2C1833FA}.Debug|Any CPU.ActiveCfg = Debug|Any CPU
		{5DCA61FE-2D60-45E2-A37B-1FDA2C1833FA}.Debug|Any CPU.Build.0 = Debug|Any CPU
		{5DCA61FE-2D60-45E2-A37B-1FDA2C1833FA}.Release|Any CPU.ActiveCfg = Release|Any CPU
		{5DCA61FE-2D60-45E2-A37B-1FDA2C1833FA}.Release|Any CPU.Build.0 = Release|Any CPU
		{55CBCE16-CD44-466A-9DD6-703576CB1860}.Debug|Any CPU.ActiveCfg = Debug|Any CPU
		{55CBCE16-CD44-466A-9DD6-703576CB1860}.Debug|Any CPU.Build.0 = Debug|Any CPU
		{55CBCE16-CD44-466A-9DD6-703576CB1860}.Release|Any CPU.ActiveCfg = Release|Any CPU
		{55CBCE16-CD44-466A-9DD6-703576CB1860}.Release|Any CPU.Build.0 = Release|Any CPU
		{E3C26F97-887D-43C6-9C82-336DFD0D9697}.Debug|Any CPU.ActiveCfg = Debug|Any CPU
		{E3C26F97-887D-43C6-9C82-336DFD0D9697}.Debug|Any CPU.Build.0 = Debug|Any CPU
		{E3C26F97-887D-43C6-9C82-336DFD0D9697}.Release|Any CPU.ActiveCfg = Release|Any CPU
		{E3C26F97-887D-43C6-9C82-336DFD0D9697}.Release|Any CPU.Build.0 = Release|Any CPU
		{51311E30-9DBD-4337-8F83-717E2125F683}.Debug|Any CPU.ActiveCfg = Debug|Any CPU
		{51311E30-9DBD-4337-8F83-717E2125F683}.Debug|Any CPU.Build.0 = Debug|Any CPU
		{51311E30-9DBD-4337-8F83-717E2125F683}.Release|Any CPU.ActiveCfg = Release|Any CPU
		{51311E30-9DBD-4337-8F83-717E2125F683}.Release|Any CPU.Build.0 = Release|Any CPU
		{13AE3BC9-D5B6-411C-9D34-E7CA5C5FB9F2}.Debug|Any CPU.ActiveCfg = Debug|Any CPU
		{13AE3BC9-D5B6-411C-9D34-E7CA5C5FB9F2}.Debug|Any CPU.Build.0 = Debug|Any CPU
		{13AE3BC9-D5B6-411C-9D34-E7CA5C5FB9F2}.Release|Any CPU.ActiveCfg = Release|Any CPU
		{13AE3BC9-D5B6-411C-9D34-E7CA5C5FB9F2}.Release|Any CPU.Build.0 = Release|Any CPU
	EndGlobalSection
	GlobalSection(NestedProjects) = preSolution
		{5DCA61FE-2D60-45E2-A37B-1FDA2C1833FA} = {49EBEC70-84C6-4AC7-AA6B-F407DAAC9F7A}
		{E3C26F97-887D-43C6-9C82-336DFD0D9697} = {49EBEC70-84C6-4AC7-AA6B-F407DAAC9F7A}
		{55CBCE16-CD44-466A-9DD6-703576CB1860} = {49EBEC70-84C6-4AC7-AA6B-F407DAAC9F7A}
		{2212F0B5-1733-49BB-8E64-8DE279E48F6B} = {49EBEC70-84C6-4AC7-AA6B-F407DAAC9F7A}
		{51311E30-9DBD-4337-8F83-717E2125F683} = {24A04426-716F-479F-A5D3-0F1D5F72BC9E}
		{13AE3BC9-D5B6-411C-9D34-E7CA5C5FB9F2} = {24A04426-716F-479F-A5D3-0F1D5F72BC9E}
	EndGlobalSection
EndGlobal
